
Microsoft Visual Studio Solution File, Format Version 12.00
# Visual Studio Version 17
VisualStudioVersion = 17.3.32901.215
MinimumVisualStudioVersion = 10.0.40219.1
Project("{9A19103F-16F7-4668-BE54-9A1E7A4F7556}") = "Optimum", "Optimum\Optimum.csproj", "{0C285764-868E-4A58-A2D4-80C6D8BAAE0E}"
EndProject
Project("{2150E333-8FDC-42A3-9474-1A3956D46DE8}") = "src", "src", "{8FD77DF6-A478-4FF7-9FE5-087572236B55}"
EndProject
Project("{2150E333-8FDC-42A3-9474-1A3956D46DE8}") = "test", "test", "{EC111B54-BDB4-4CF4-BB2D-CDCA44C7D7DF}"
EndProject
Project("{9A19103F-16F7-4668-BE54-9A1E7A4F7556}") = "Optimum.Test.Api", "Optimum.Test.Api\Optimum.Test.Api.csproj", "{2E28D70B-4036-4780-88CF-2175E464399C}"
EndProject
Project("{9A19103F-16F7-4668-BE54-9A1E7A4F7556}") = "Optimum.Cqrs", "Optimum.Cqrs\Optimum.Cqrs.csproj", "{DA71862D-2AAB-4611-A465-9C0D8A5F91F7}"
EndProject
Project("{9A19103F-16F7-4668-BE54-9A1E7A4F7556}") = "Optimum.Persistence", "Optimum.Persistence\Optimum.Persistence.csproj", "{34475E31-6D57-46BC-A30C-D3A082C52FBC}"
EndProject
Project("{9A19103F-16F7-4668-BE54-9A1E7A4F7556}") = "Optimum.Persistence.MongoDB", "Optimum.Persistence.MongoDB\Optimum.Persistence.MongoDB.csproj", "{966F300B-365A-4E83-9849-434912A23726}"
EndProject
Project("{9A19103F-16F7-4668-BE54-9A1E7A4F7556}") = "Optimum.Http", "Optimum.Http\Optimum.Http.csproj", "{88F617E6-8153-4418-8988-F7BFBC6C8C53}"
EndProject
Project("{9A19103F-16F7-4668-BE54-9A1E7A4F7556}") = "Optimum.Authentication.Jwt", "Optimum.Authentication.Jwt\Optimum.Authentication.Jwt.csproj", "{B3A432E5-5F0E-466B-A95F-E578FB575F76}"
EndProject
Project("{9A19103F-16F7-4668-BE54-9A1E7A4F7556}") = "Optimum.Swagger", "Optimum.Swagger\Optimum.Swagger.csproj", "{73D01C0C-339A-40A3-A204-8A87C7947F0D}"
EndProject
Project("{9A19103F-16F7-4668-BE54-9A1E7A4F7556}") = "Optimum.Messaging", "Optimum.Messaging\Optimum.Messaging.csproj", "{6FA0B94A-B281-4751-B036-BB8C1C308358}"
EndProject
Project("{9A19103F-16F7-4668-BE54-9A1E7A4F7556}") = "Optimum.Messaging.RabbitMQ", "Optimum.Messaging.RabbitMQ\Optimum.Messaging.RabbitMQ.csproj", "{992B5042-8B53-4776-A7B5-74B5E69B0400}"
EndProject
Project("{9A19103F-16F7-4668-BE54-9A1E7A4F7556}") = "Optimum.Messaging.Kafka", "Optimum.Messaging.Kafka\Optimum.Messaging.Kafka.csproj", "{F706E869-92F9-4644-899A-DBBA863E05AC}"
EndProject
Project("{FAE04EC0-301F-11D3-BF4B-00C04F79EFBC}") = "Optimum.ServiceDiscovery", "Optimum.ServiceDiscovery\Optimum.ServiceDiscovery.csproj", "{3905C37D-276A-48C3-B6BD-727D2B8111E8}"
EndProject
Project("{FAE04EC0-301F-11D3-BF4B-00C04F79EFBC}") = "Optimum.Example.ServiceDiscovery", "Optimum.Example.ServiceDiscovery\Optimum.Example.ServiceDiscovery.csproj", "{20B1C626-0ED5-4CF9-A385-6AC9FAF7DF7D}"
EndProject
Project("{FAE04EC0-301F-11D3-BF4B-00C04F79EFBC}") = "Optimum.Messaging.Outbox.Contracts", "Optimum.Messaging.Outbox.Contracts\Optimum.Messaging.Outbox.Contracts.csproj", "{2F3A7846-9B46-4CC7-BB05-58ABECEBF01D}"
EndProject
Project("{FAE04EC0-301F-11D3-BF4B-00C04F79EFBC}") = "Optimum.Messaging.Outbox", "Optimum.Messaging.Outbox\Optimum.Messaging.Outbox.csproj", "{F094E193-AFDC-4474-B718-1834ED71487F}"
EndProject
Project("{FAE04EC0-301F-11D3-BF4B-00C04F79EFBC}") = "Optimum.Hangfire", "Optimum.JobService\Optimum.Hangfire.csproj", "{CF74D07E-950E-427A-9975-835C5AFCE4B6}"
EndProject
Global
	GlobalSection(SolutionConfigurationPlatforms) = preSolution
		Debug|Any CPU = Debug|Any CPU
		Release|Any CPU = Release|Any CPU
	EndGlobalSection
	GlobalSection(ProjectConfigurationPlatforms) = postSolution
		{0C285764-868E-4A58-A2D4-80C6D8BAAE0E}.Debug|Any CPU.ActiveCfg = Debug|Any CPU
		{0C285764-868E-4A58-A2D4-80C6D8BAAE0E}.Debug|Any CPU.Build.0 = Debug|Any CPU
		{0C285764-868E-4A58-A2D4-80C6D8BAAE0E}.Release|Any CPU.ActiveCfg = Release|Any CPU
		{0C285764-868E-4A58-A2D4-80C6D8BAAE0E}.Release|Any CPU.Build.0 = Release|Any CPU
		{2E28D70B-4036-4780-88CF-2175E464399C}.Debug|Any CPU.ActiveCfg = Debug|Any CPU
		{2E28D70B-4036-4780-88CF-2175E464399C}.Debug|Any CPU.Build.0 = Debug|Any CPU
		{2E28D70B-4036-4780-88CF-2175E464399C}.Release|Any CPU.ActiveCfg = Release|Any CPU
		{2E28D70B-4036-4780-88CF-2175E464399C}.Release|Any CPU.Build.0 = Release|Any CPU
		{DA71862D-2AAB-4611-A465-9C0D8A5F91F7}.Debug|Any CPU.ActiveCfg = Debug|Any CPU
		{DA71862D-2AAB-4611-A465-9C0D8A5F91F7}.Debug|Any CPU.Build.0 = Debug|Any CPU
		{DA71862D-2AAB-4611-A465-9C0D8A5F91F7}.Release|Any CPU.ActiveCfg = Release|Any CPU
		{DA71862D-2AAB-4611-A465-9C0D8A5F91F7}.Release|Any CPU.Build.0 = Release|Any CPU
		{34475E31-6D57-46BC-A30C-D3A082C52FBC}.Debug|Any CPU.ActiveCfg = Debug|Any CPU
		{34475E31-6D57-46BC-A30C-D3A082C52FBC}.Debug|Any CPU.Build.0 = Debug|Any CPU
		{34475E31-6D57-46BC-A30C-D3A082C52FBC}.Release|Any CPU.ActiveCfg = Release|Any CPU
		{34475E31-6D57-46BC-A30C-D3A082C52FBC}.Release|Any CPU.Build.0 = Release|Any CPU
		{966F300B-365A-4E83-9849-434912A23726}.Debug|Any CPU.ActiveCfg = Debug|Any CPU
		{966F300B-365A-4E83-9849-434912A23726}.Debug|Any CPU.Build.0 = Debug|Any CPU
		{966F300B-365A-4E83-9849-434912A23726}.Release|Any CPU.ActiveCfg = Release|Any CPU
		{966F300B-365A-4E83-9849-434912A23726}.Release|Any CPU.Build.0 = Release|Any CPU
		{88F617E6-8153-4418-8988-F7BFBC6C8C53}.Debug|Any CPU.ActiveCfg = Debug|Any CPU
		{88F617E6-8153-4418-8988-F7BFBC6C8C53}.Debug|Any CPU.Build.0 = Debug|Any CPU
		{88F617E6-8153-4418-8988-F7BFBC6C8C53}.Release|Any CPU.ActiveCfg = Release|Any CPU
		{88F617E6-8153-4418-8988-F7BFBC6C8C53}.Release|Any CPU.Build.0 = Release|Any CPU
		{B3A432E5-5F0E-466B-A95F-E578FB575F76}.Debug|Any CPU.ActiveCfg = Debug|Any CPU
		{B3A432E5-5F0E-466B-A95F-E578FB575F76}.Debug|Any CPU.Build.0 = Debug|Any CPU
		{B3A432E5-5F0E-466B-A95F-E578FB575F76}.Release|Any CPU.ActiveCfg = Release|Any CPU
		{B3A432E5-5F0E-466B-A95F-E578FB575F76}.Release|Any CPU.Build.0 = Release|Any CPU
		{73D01C0C-339A-40A3-A204-8A87C7947F0D}.Debug|Any CPU.ActiveCfg = Debug|Any CPU
		{73D01C0C-339A-40A3-A204-8A87C7947F0D}.Debug|Any CPU.Build.0 = Debug|Any CPU
		{73D01C0C-339A-40A3-A204-8A87C7947F0D}.Release|Any CPU.ActiveCfg = Release|Any CPU
		{73D01C0C-339A-40A3-A204-8A87C7947F0D}.Release|Any CPU.Build.0 = Release|Any CPU
		{6FA0B94A-B281-4751-B036-BB8C1C308358}.Debug|Any CPU.ActiveCfg = Debug|Any CPU
		{6FA0B94A-B281-4751-B036-BB8C1C308358}.Debug|Any CPU.Build.0 = Debug|Any CPU
		{6FA0B94A-B281-4751-B036-BB8C1C308358}.Release|Any CPU.ActiveCfg = Release|Any CPU
		{6FA0B94A-B281-4751-B036-BB8C1C308358}.Release|Any CPU.Build.0 = Release|Any CPU
		{992B5042-8B53-4776-A7B5-74B5E69B0400}.Debug|Any CPU.ActiveCfg = Debug|Any CPU
		{992B5042-8B53-4776-A7B5-74B5E69B0400}.Debug|Any CPU.Build.0 = Debug|Any CPU
		{992B5042-8B53-4776-A7B5-74B5E69B0400}.Release|Any CPU.ActiveCfg = Release|Any CPU
		{992B5042-8B53-4776-A7B5-74B5E69B0400}.Release|Any CPU.Build.0 = Release|Any CPU
		{F706E869-92F9-4644-899A-DBBA863E05AC}.Debug|Any CPU.ActiveCfg = Debug|Any CPU
		{F706E869-92F9-4644-899A-DBBA863E05AC}.Debug|Any CPU.Build.0 = Debug|Any CPU
		{F706E869-92F9-4644-899A-DBBA863E05AC}.Release|Any CPU.ActiveCfg = Release|Any CPU
		{F706E869-92F9-4644-899A-DBBA863E05AC}.Release|Any CPU.Build.0 = Release|Any CPU
		{3905C37D-276A-48C3-B6BD-727D2B8111E8}.Debug|Any CPU.ActiveCfg = Debug|Any CPU
		{3905C37D-276A-48C3-B6BD-727D2B8111E8}.Debug|Any CPU.Build.0 = Debug|Any CPU
		{3905C37D-276A-48C3-B6BD-727D2B8111E8}.Release|Any CPU.ActiveCfg = Release|Any CPU
		{3905C37D-276A-48C3-B6BD-727D2B8111E8}.Release|Any CPU.Build.0 = Release|Any CPU
		{20B1C626-0ED5-4CF9-A385-6AC9FAF7DF7D}.Debug|Any CPU.ActiveCfg = Debug|Any CPU
		{20B1C626-0ED5-4CF9-A385-6AC9FAF7DF7D}.Debug|Any CPU.Build.0 = Debug|Any CPU
		{20B1C626-0ED5-4CF9-A385-6AC9FAF7DF7D}.Release|Any CPU.ActiveCfg = Release|Any CPU
		{20B1C626-0ED5-4CF9-A385-6AC9FAF7DF7D}.Release|Any CPU.Build.0 = Release|Any CPU
		{2F3A7846-9B46-4CC7-BB05-58ABECEBF01D}.Debug|Any CPU.ActiveCfg = Debug|Any CPU
		{2F3A7846-9B46-4CC7-BB05-58ABECEBF01D}.Debug|Any CPU.Build.0 = Debug|Any CPU
		{2F3A7846-9B46-4CC7-BB05-58ABECEBF01D}.Release|Any CPU.ActiveCfg = Release|Any CPU
		{2F3A7846-9B46-4CC7-BB05-58ABECEBF01D}.Release|Any CPU.Build.0 = Release|Any CPU
		{F094E193-AFDC-4474-B718-1834ED71487F}.Debug|Any CPU.ActiveCfg = Debug|Any CPU
		{F094E193-AFDC-4474-B718-1834ED71487F}.Debug|Any CPU.Build.0 = Debug|Any CPU
		{F094E193-AFDC-4474-B718-1834ED71487F}.Release|Any CPU.ActiveCfg = Release|Any CPU
		{F094E193-AFDC-4474-B718-1834ED71487F}.Release|Any CPU.Build.0 = Release|Any CPU
		{CF74D07E-950E-427A-9975-835C5AFCE4B6}.Debug|Any CPU.ActiveCfg = Debug|Any CPU
		{CF74D07E-950E-427A-9975-835C5AFCE4B6}.Debug|Any CPU.Build.0 = Debug|Any CPU
		{CF74D07E-950E-427A-9975-835C5AFCE4B6}.Release|Any CPU.ActiveCfg = Release|Any CPU
		{CF74D07E-950E-427A-9975-835C5AFCE4B6}.Release|Any CPU.Build.0 = Release|Any CPU
	EndGlobalSection
	GlobalSection(SolutionProperties) = preSolution
		HideSolutionNode = FALSE
	EndGlobalSection
	GlobalSection(NestedProjects) = preSolution
		{0C285764-868E-4A58-A2D4-80C6D8BAAE0E} = {8FD77DF6-A478-4FF7-9FE5-087572236B55}
		{2E28D70B-4036-4780-88CF-2175E464399C} = {EC111B54-BDB4-4CF4-BB2D-CDCA44C7D7DF}
		{DA71862D-2AAB-4611-A465-9C0D8A5F91F7} = {8FD77DF6-A478-4FF7-9FE5-087572236B55}
		{34475E31-6D57-46BC-A30C-D3A082C52FBC} = {8FD77DF6-A478-4FF7-9FE5-087572236B55}
		{966F300B-365A-4E83-9849-434912A23726} = {8FD77DF6-A478-4FF7-9FE5-087572236B55}
		{88F617E6-8153-4418-8988-F7BFBC6C8C53} = {8FD77DF6-A478-4FF7-9FE5-087572236B55}
		{B3A432E5-5F0E-466B-A95F-E578FB575F76} = {8FD77DF6-A478-4FF7-9FE5-087572236B55}
		{73D01C0C-339A-40A3-A204-8A87C7947F0D} = {8FD77DF6-A478-4FF7-9FE5-087572236B55}
		{6FA0B94A-B281-4751-B036-BB8C1C308358} = {8FD77DF6-A478-4FF7-9FE5-087572236B55}
		{992B5042-8B53-4776-A7B5-74B5E69B0400} = {8FD77DF6-A478-4FF7-9FE5-087572236B55}
		{F706E869-92F9-4644-899A-DBBA863E05AC} = {8FD77DF6-A478-4FF7-9FE5-087572236B55}
		{3905C37D-276A-48C3-B6BD-727D2B8111E8} = {8FD77DF6-A478-4FF7-9FE5-087572236B55}
		{20B1C626-0ED5-4CF9-A385-6AC9FAF7DF7D} = {EC111B54-BDB4-4CF4-BB2D-CDCA44C7D7DF}
		{2F3A7846-9B46-4CC7-BB05-58ABECEBF01D} = {8FD77DF6-A478-4FF7-9FE5-087572236B55}
		{F094E193-AFDC-4474-B718-1834ED71487F} = {8FD77DF6-A478-4FF7-9FE5-087572236B55}
		{CF74D07E-950E-427A-9975-835C5AFCE4B6} = {8FD77DF6-A478-4FF7-9FE5-087572236B55}
	EndGlobalSection
	GlobalSection(ExtensibilityGlobals) = postSolution
		SolutionGuid = {001561F9-40F5-4836-9AA8-1E6A84C94F2C}
	EndGlobalSection
EndGlobal
